
Microsoft Visual Studio Solution File, Format Version 11.00
# Visual Studio 2010
Project("{FAE04EC0-301F-11D3-BF4B-00C04F79EFBC}") = "Pandemic-Game", "Assembly-CSharp.csproj", "{0EE7755D-C3CD-4D2C-71D7-CF2A2451DC24}"
EndProject
Project("{FAE04EC0-301F-11D3-BF4B-00C04F79EFBC}") = "Pandemic-Game", "Assembly-CSharp-firstpass.csproj", "{54526A62-9B78-BCCB-AEA7-A16CD6FFF373}"
EndProject
Project("{FAE04EC0-301F-11D3-BF4B-00C04F79EFBC}") = "Pandemic-Game", "Assembly-CSharp-Editor.csproj", "{03E74E0D-5737-2EAF-407D-8DD5E13D69C1}"
EndProject
Global
	GlobalSection(SolutionConfigurationPlatforms) = preSolution
		Debug|Any CPU = Debug|Any CPU
		Release|Any CPU = Release|Any CPU
	EndGlobalSection
	GlobalSection(ProjectConfigurationPlatforms) = postSolution
		{0EE7755D-C3CD-4D2C-71D7-CF2A2451DC24}.Debug|Any CPU.ActiveCfg = Debug|Any CPU
		{0EE7755D-C3CD-4D2C-71D7-CF2A2451DC24}.Debug|Any CPU.Build.0 = Debug|Any CPU
		{0EE7755D-C3CD-4D2C-71D7-CF2A2451DC24}.Release|Any CPU.ActiveCfg = Release|Any CPU
		{0EE7755D-C3CD-4D2C-71D7-CF2A2451DC24}.Release|Any CPU.Build.0 = Release|Any CPU
		{54526A62-9B78-BCCB-AEA7-A16CD6FFF373}.Debug|Any CPU.ActiveCfg = Debug|Any CPU
		{54526A62-9B78-BCCB-AEA7-A16CD6FFF373}.Debug|Any CPU.Build.0 = Debug|Any CPU
		{54526A62-9B78-BCCB-AEA7-A16CD6FFF373}.Release|Any CPU.ActiveCfg = Release|Any CPU
		{54526A62-9B78-BCCB-AEA7-A16CD6FFF373}.Release|Any CPU.Build.0 = Release|Any CPU
		{03E74E0D-5737-2EAF-407D-8DD5E13D69C1}.Debug|Any CPU.ActiveCfg = Debug|Any CPU
		{03E74E0D-5737-2EAF-407D-8DD5E13D69C1}.Debug|Any CPU.Build.0 = Debug|Any CPU
		{03E74E0D-5737-2EAF-407D-8DD5E13D69C1}.Release|Any CPU.ActiveCfg = Release|Any CPU
		{03E74E0D-5737-2EAF-407D-8DD5E13D69C1}.Release|Any CPU.Build.0 = Release|Any CPU
	EndGlobalSection
	GlobalSection(SolutionProperties) = preSolution
		HideSolutionNode = FALSE
	EndGlobalSection
	GlobalSection(MonoDevelopProperties) = preSolution
		StartupItem = Assembly-CSharp.csproj
	EndGlobalSection
EndGlobal
